{
  "name": "brackets-manager.js",
  "version": "1.0.0",
  "lockfileVersion": 1,
  "requires": true,
  "dependencies": {
    "brackets-model": {
      "version": "0.1.4",
      "resolved": "https://registry.npmjs.org/brackets-model/-/brackets-model-0.1.4.tgz",
      "integrity": "sha512-zt4LsFDI3EVXWj0b+OqBy9f62/vZmG7c897dGHLHrsFSqccJFzpajqyrNQnU8/ZghDKC1/baBrg/Xjnv5lLCNg=="
    },
    "typescript": {
      "version": "3.9.3",
      "resolved": "https://registry.npmjs.org/typescript/-/typescript-3.9.3.tgz",
      "integrity": "sha512-D/wqnB2xzNFIcoBG9FG8cXRDjiqSTbG2wd8DMZeQyJlP1vfTkIxH4GKveWaEBYySKIg+USu+E+EDIR47SqnaMQ=="
    }
  }
}
