{
  "name": "brackets-manager.js",
  "version": "1.0.0",
  "lockfileVersion": 1,
  "requires": true,
  "dependencies": {
    "brackets-model": {
      "version": "0.1.8",
      "resolved": "https://registry.npmjs.org/brackets-model/-/brackets-model-0.1.8.tgz",
      "integrity": "sha512-G02QTNh9507SB1vxNuL8iuxO/Oq+7g2maU7T5gTCrkq6jlJqkw0nPDfsQIVVnD+gYcHwow7Q5Uxgyb1O1jqT8A=="
    },
    "typescript": {
      "version": "3.9.3",
      "resolved": "https://registry.npmjs.org/typescript/-/typescript-3.9.3.tgz",
      "integrity": "sha512-D/wqnB2xzNFIcoBG9FG8cXRDjiqSTbG2wd8DMZeQyJlP1vfTkIxH4GKveWaEBYySKIg+USu+E+EDIR47SqnaMQ=="
    }
  }
}
